
Microsoft Visual Studio Solution File, Format Version 12.00
# Visual Studio 15
VisualStudioVersion = 15.0.27428.2015
MinimumVisualStudioVersion = 10.0.40219.1
Project("{FAE04EC0-301F-11D3-BF4B-00C04F79EFBC}") = "HelloWorld", "HelloWorld\HelloWorld.csproj", "{F0C004F0-2315-48F9-94A5-07B792DB7971}"
EndProject
Global
	GlobalSection(SolutionConfigurationPlatforms) = preSolution
		Debug|Any CPU = Debug|Any CPU
		Release|Any CPU = Release|Any CPU
	EndGlobalSection
	GlobalSection(ProjectConfigurationPlatforms) = postSolution
		{F0C004F0-2315-48F9-94A5-07B792DB7971}.Debug|Any CPU.ActiveCfg = Debug|Any CPU
		{F0C004F0-2315-48F9-94A5-07B792DB7971}.Debug|Any CPU.Build.0 = Debug|Any CPU
		{F0C004F0-2315-48F9-94A5-07B792DB7971}.Release|Any CPU.ActiveCfg = Release|Any CPU
		{F0C004F0-2315-48F9-94A5-07B792DB7971}.Release|Any CPU.Build.0 = Release|Any CPU
	EndGlobalSection
	GlobalSection(SolutionProperties) = preSolution
		HideSolutionNode = FALSE
	EndGlobalSection
	GlobalSection(ExtensibilityGlobals) = postSolution
		SolutionGuid = {4A944BB7-75C2-4EE1-9CA9-3D6714DDB412}
	EndGlobalSection
EndGlobal
